
Microsoft Visual Studio Solution File, Format Version 12.00
# Visual Studio Version 17
VisualStudioVersion = 17.8.34322.80
MinimumVisualStudioVersion = 10.0.40219.1
Project("{FAE04EC0-301F-11D3-BF4B-00C04F79EFBC}") = "RentACar", "RentACar\RentACar.csproj", "{CED054D3-CDE1-42FD-8471-27EF4E7D5631}"
EndProject
Global
	GlobalSection(SolutionConfigurationPlatforms) = preSolution
		Debug|Any CPU = Debug|Any CPU
		Release|Any CPU = Release|Any CPU
	EndGlobalSection
	GlobalSection(ProjectConfigurationPlatforms) = postSolution
		{CED054D3-CDE1-42FD-8471-27EF4E7D5631}.Debug|Any CPU.ActiveCfg = Debug|Any CPU
		{CED054D3-CDE1-42FD-8471-27EF4E7D5631}.Debug|Any CPU.Build.0 = Debug|Any CPU
		{CED054D3-CDE1-42FD-8471-27EF4E7D5631}.Release|Any CPU.ActiveCfg = Release|Any CPU
		{CED054D3-CDE1-42FD-8471-27EF4E7D5631}.Release|Any CPU.Build.0 = Release|Any CPU
	EndGlobalSection
	GlobalSection(SolutionProperties) = preSolution
		HideSolutionNode = FALSE
	EndGlobalSection
	GlobalSection(ExtensibilityGlobals) = postSolution
		SolutionGuid = {5974C6C2-F5FD-4430-9927-AC9B83D82417}
	EndGlobalSection
EndGlobal
